// !$*UTF8*$!
{
	archiveVersion = 1;
	classes = {
	};
	objectVersion = 56;
	objects = {

/* Begin PBXBuildFile section */
		88006ADE2BD2BD8A0011FC2A /* URLManager.swift in Sources */ = {isa = PBXBuildFile; fileRef = 88006ADD2BD2BD8A0011FC2A /* URLManager.swift */; };
		882FAF9C2BCD7DB800F588F5 /* ContactosViewController.swift in Sources */ = {isa = PBXBuildFile; fileRef = 882FAF9B2BCD7DB800F588F5 /* ContactosViewController.swift */; };
		882FAF9E2BCD7F1800F588F5 /* HistorialViewController.swift in Sources */ = {isa = PBXBuildFile; fileRef = 882FAF9D2BCD7F1800F588F5 /* HistorialViewController.swift */; };
		882FAFA22BCD9E5900F588F5 /* Contacto.swift in Sources */ = {isa = PBXBuildFile; fileRef = 882FAFA12BCD9E5900F588F5 /* Contacto.swift */; };
		882FAFA82BCDAC7600F588F5 /* contacte.png in Resources */ = {isa = PBXBuildFile; fileRef = 882FAFA72BCDAC7600F588F5 /* contacte.png */; };
		882FAFAA2BCDB3AC00F588F5 /* Historial.swift in Sources */ = {isa = PBXBuildFile; fileRef = 882FAFA92BCDB3AC00F588F5 /* Historial.swift */; };
		882FAFAC2BCDB9C900F588F5 /* historial.png in Resources */ = {isa = PBXBuildFile; fileRef = 882FAFAB2BCDB9C900F588F5 /* historial.png */; };
		882FAFAE2BCDE8EB00F588F5 /* RegistrarBebeViewController.swift in Sources */ = {isa = PBXBuildFile; fileRef = 882FAFAD2BCDE8EB00F588F5 /* RegistrarBebeViewController.swift */; };
		885B41372BD32A0E003B4910 /* NuevoContactoViewController.swift in Sources */ = {isa = PBXBuildFile; fileRef = 885B41362BD32A0E003B4910 /* NuevoContactoViewController.swift */; };
		885B41392BD34197003B4910 /* NuevoHistorialViewController.swift in Sources */ = {isa = PBXBuildFile; fileRef = 885B41382BD34197003B4910 /* NuevoHistorialViewController.swift */; };
		885B413B2BD3665D003B4910 /* Hospital.swift in Sources */ = {isa = PBXBuildFile; fileRef = 885B413A2BD3665D003B4910 /* Hospital.swift */; };
		886004812BBC981900E4CB76 /* AdminUserViewController.swift in Sources */ = {isa = PBXBuildFile; fileRef = 886004802BBC981900E4CB76 /* AdminUserViewController.swift */; };
		886004832BBC98C400E4CB76 /* PerfilViewController.swift in Sources */ = {isa = PBXBuildFile; fileRef = 886004822BBC98C400E4CB76 /* PerfilViewController.swift */; };
		886004852BBC995200E4CB76 /* IncubadoraViewController.swift in Sources */ = {isa = PBXBuildFile; fileRef = 886004842BBC995200E4CB76 /* IncubadoraViewController.swift */; };
		886004862BBCA12D00E4CB76 /* Assets.xcassets in Resources */ = {isa = PBXBuildFile; fileRef = 8881A1902BA33EF900B2F5AE /* Assets.xcassets */; };
		886462F62BB1F9EE004396A0 /* LogInViewController.swift in Sources */ = {isa = PBXBuildFile; fileRef = 886462F52BB1F9EE004396A0 /* LogInViewController.swift */; };
		886462F82BB1FA09004396A0 /* RegistroViewController.swift in Sources */ = {isa = PBXBuildFile; fileRef = 886462F72BB1FA09004396A0 /* RegistroViewController.swift */; };
		886B32442BBF341F00767E0A /* VerificarViewController.swift in Sources */ = {isa = PBXBuildFile; fileRef = 886B32432BBF341F00767E0A /* VerificarViewController.swift */; };
		886B778F2BC9A34600870DCC /* DetallesBebeViewController.swift in Sources */ = {isa = PBXBuildFile; fileRef = 886B778E2BC9A34600870DCC /* DetallesBebeViewController.swift */; };
		886B77912BC9BFBF00870DCC /* fondo_azul.jpeg in Resources */ = {isa = PBXBuildFile; fileRef = 886B77902BC9BFBF00870DCC /* fondo_azul.jpeg */; };
		886B77932BC9BFC900870DCC /* fondo_rosa.jpeg in Resources */ = {isa = PBXBuildFile; fileRef = 886B77922BC9BFC900870DCC /* fondo_rosa.jpeg */; };
		8870BB682BB4A0BB00CB1490 /* logosmartnest.jpeg in Resources */ = {isa = PBXBuildFile; fileRef = 8870BB672BB4A0BB00CB1490 /* logosmartnest.jpeg */; };
		8870BB6B2BB4AB5C00CB1490 /* UserNotifications.framework in Frameworks */ = {isa = PBXBuildFile; fileRef = 8870BB6A2BB4AB5C00CB1490 /* UserNotifications.framework */; };
		8870BB6D2BB4AB6500CB1490 /* EventKit.framework in Frameworks */ = {isa = PBXBuildFile; fileRef = 8870BB6C2BB4AB6500CB1490 /* EventKit.framework */; };
		8870BB6F2BB4AB7700CB1490 /* Contacts.framework in Frameworks */ = {isa = PBXBuildFile; fileRef = 8870BB6E2BB4AB7700CB1490 /* Contacts.framework */; };
		8870BB762BB4B32800CB1490 /* MenuViewController.swift in Sources */ = {isa = PBXBuildFile; fileRef = 8870BB752BB4B32800CB1490 /* MenuViewController.swift */; };
		8870BB782BB4B53D00CB1490 /* SplashViewController.swift in Sources */ = {isa = PBXBuildFile; fileRef = 8870BB772BB4B53D00CB1490 /* SplashViewController.swift */; };
		8877E0802BA4B6A100BEEF4A /* smartnest.png in Resources */ = {isa = PBXBuildFile; fileRef = 8877E07E2BA4B6A100BEEF4A /* smartnest.png */; };
		8881A1882BA33EF700B2F5AE /* AppDelegate.swift in Sources */ = {isa = PBXBuildFile; fileRef = 8881A1872BA33EF700B2F5AE /* AppDelegate.swift */; };
		8881A18A2BA33EF700B2F5AE /* SceneDelegate.swift in Sources */ = {isa = PBXBuildFile; fileRef = 8881A1892BA33EF700B2F5AE /* SceneDelegate.swift */; };
		8881A18C2BA33EF700B2F5AE /* ViewController.swift in Sources */ = {isa = PBXBuildFile; fileRef = 8881A18B2BA33EF700B2F5AE /* ViewController.swift */; };
		8881A18F2BA33EF700B2F5AE /* Base in Resources */ = {isa = PBXBuildFile; fileRef = 8881A18E2BA33EF700B2F5AE /* Base */; };
		8881A1942BA33EF900B2F5AE /* Base in Resources */ = {isa = PBXBuildFile; fileRef = 8881A1932BA33EF900B2F5AE /* Base */; };
		88905AC72BBC694B00E076F4 /* Usuario.swift in Sources */ = {isa = PBXBuildFile; fileRef = 88905AC62BBC694B00E076F4 /* Usuario.swift */; };
		88905AC92BBC852000E076F4 /* agregar.png in Resources */ = {isa = PBXBuildFile; fileRef = 88905AC82BBC851F00E076F4 /* agregar.png */; };
		88905ACB2BBC85C400E076F4 /* Ellipse 4.png in Resources */ = {isa = PBXBuildFile; fileRef = 88905ACA2BBC85C400E076F4 /* Ellipse 4.png */; };
		88905ACD2BBC871900E076F4 /* Ellipse 4 (1).png in Resources */ = {isa = PBXBuildFile; fileRef = 88905ACC2BBC871900E076F4 /* Ellipse 4 (1).png */; };
		88B8A5C82BC7357100AD293F /* ActivarViewController.swift in Sources */ = {isa = PBXBuildFile; fileRef = 88B8A5C72BC7357100AD293F /* ActivarViewController.swift */; };
		88B8A5CA2BC73EE700AD293F /* Incubadora.swift in Sources */ = {isa = PBXBuildFile; fileRef = 88B8A5C92BC73EE700AD293F /* Incubadora.swift */; };
		88B8A5CE2BC74F2200AD293F /* BebesViewController.swift in Sources */ = {isa = PBXBuildFile; fileRef = 88B8A5CD2BC74F2200AD293F /* BebesViewController.swift */; };
		88B8A5D02BC74F3900AD293F /* Bebe.swift in Sources */ = {isa = PBXBuildFile; fileRef = 88B8A5CF2BC74F3900AD293F /* Bebe.swift */; };
		88B8A5D22BC75BD900AD293F /* baby_icon.png in Resources */ = {isa = PBXBuildFile; fileRef = 88B8A5D12BC75BD900AD293F /* baby_icon.png */; };
		88E0F1982BD438340002686A /* BuzzerViewController.swift in Sources */ = {isa = PBXBuildFile; fileRef = 88E0F1972BD438340002686A /* BuzzerViewController.swift */; };
		88E0F19A2BD439E20002686A /* alarma.png in Resources */ = {isa = PBXBuildFile; fileRef = 88E0F1992BD439E20002686A /* alarma.png */; };
		88E0F19C2BD443340002686A /* IncubadoraOcupada.swift in Sources */ = {isa = PBXBuildFile; fileRef = 88E0F19B2BD443340002686A /* IncubadoraOcupada.swift */; };
		88E0F19E2BD472250002686A /* Sensor.swift in Sources */ = {isa = PBXBuildFile; fileRef = 88E0F19D2BD472250002686A /* Sensor.swift */; };
		88E0F1A02BD472A50002686A /* SensoresViewController.swift in Sources */ = {isa = PBXBuildFile; fileRef = 88E0F19F2BD472A50002686A /* SensoresViewController.swift */; };
		88E0F1AC2BD47F560002686A /* 3159161.png in Resources */ = {isa = PBXBuildFile; fileRef = 88E0F1AB2BD47F560002686A /* 3159161.png */; };
		88E0F1B12BD480E30002686A /* pu.png in Resources */ = {isa = PBXBuildFile; fileRef = 88E0F1AD2BD480E30002686A /* pu.png */; };
		88E0F1B22BD480E30002686A /* temperatura.png in Resources */ = {isa = PBXBuildFile; fileRef = 88E0F1AE2BD480E30002686A /* temperatura.png */; };
		88E0F1B32BD480E30002686A /* aire.png in Resources */ = {isa = PBXBuildFile; fileRef = 88E0F1AF2BD480E30002686A /* aire.png */; };
		88E0F1B42BD480E30002686A /* buzz.png in Resources */ = {isa = PBXBuildFile; fileRef = 88E0F1B02BD480E30002686A /* buzz.png */; };
/* End PBXBuildFile section */

/* Begin PBXFileReference section */
		88006ADD2BD2BD8A0011FC2A /* URLManager.swift */ = {isa = PBXFileReference; lastKnownFileType = sourcecode.swift; path = URLManager.swift; sourceTree = "<group>"; };
		882FAF9B2BCD7DB800F588F5 /* ContactosViewController.swift */ = {isa = PBXFileReference; lastKnownFileType = sourcecode.swift; path = ContactosViewController.swift; sourceTree = "<group>"; };
		882FAF9D2BCD7F1800F588F5 /* HistorialViewController.swift */ = {isa = PBXFileReference; lastKnownFileType = sourcecode.swift; path = HistorialViewController.swift; sourceTree = "<group>"; };
		882FAFA12BCD9E5900F588F5 /* Contacto.swift */ = {isa = PBXFileReference; lastKnownFileType = sourcecode.swift; path = Contacto.swift; sourceTree = "<group>"; };
		882FAFA72BCDAC7600F588F5 /* contacte.png */ = {isa = PBXFileReference; lastKnownFileType = image.png; path = contacte.png; sourceTree = "<group>"; };
		882FAFA92BCDB3AC00F588F5 /* Historial.swift */ = {isa = PBXFileReference; lastKnownFileType = sourcecode.swift; path = Historial.swift; sourceTree = "<group>"; };
		882FAFAB2BCDB9C900F588F5 /* historial.png */ = {isa = PBXFileReference; lastKnownFileType = image.png; path = historial.png; sourceTree = "<group>"; };
		882FAFAD2BCDE8EB00F588F5 /* RegistrarBebeViewController.swift */ = {isa = PBXFileReference; lastKnownFileType = sourcecode.swift; path = RegistrarBebeViewController.swift; sourceTree = "<group>"; };
		885B41362BD32A0E003B4910 /* NuevoContactoViewController.swift */ = {isa = PBXFileReference; lastKnownFileType = sourcecode.swift; path = NuevoContactoViewController.swift; sourceTree = "<group>"; };
		885B41382BD34197003B4910 /* NuevoHistorialViewController.swift */ = {isa = PBXFileReference; lastKnownFileType = sourcecode.swift; path = NuevoHistorialViewController.swift; sourceTree = "<group>"; };
		885B413A2BD3665D003B4910 /* Hospital.swift */ = {isa = PBXFileReference; lastKnownFileType = sourcecode.swift; path = Hospital.swift; sourceTree = "<group>"; };
		886004802BBC981900E4CB76 /* AdminUserViewController.swift */ = {isa = PBXFileReference; lastKnownFileType = sourcecode.swift; path = AdminUserViewController.swift; sourceTree = "<group>"; };
		886004822BBC98C400E4CB76 /* PerfilViewController.swift */ = {isa = PBXFileReference; lastKnownFileType = sourcecode.swift; path = PerfilViewController.swift; sourceTree = "<group>"; };
		886004842BBC995200E4CB76 /* IncubadoraViewController.swift */ = {isa = PBXFileReference; lastKnownFileType = sourcecode.swift; path = IncubadoraViewController.swift; sourceTree = "<group>"; };
		886462F52BB1F9EE004396A0 /* LogInViewController.swift */ = {isa = PBXFileReference; lastKnownFileType = sourcecode.swift; path = LogInViewController.swift; sourceTree = "<group>"; };
		886462F72BB1FA09004396A0 /* RegistroViewController.swift */ = {isa = PBXFileReference; lastKnownFileType = sourcecode.swift; path = RegistroViewController.swift; sourceTree = "<group>"; };
		886B32432BBF341F00767E0A /* VerificarViewController.swift */ = {isa = PBXFileReference; lastKnownFileType = sourcecode.swift; path = VerificarViewController.swift; sourceTree = "<group>"; };
		886B778E2BC9A34600870DCC /* DetallesBebeViewController.swift */ = {isa = PBXFileReference; lastKnownFileType = sourcecode.swift; path = DetallesBebeViewController.swift; sourceTree = "<group>"; };
		886B77902BC9BFBF00870DCC /* fondo_azul.jpeg */ = {isa = PBXFileReference; lastKnownFileType = image.jpeg; path = fondo_azul.jpeg; sourceTree = "<group>"; };
		886B77922BC9BFC900870DCC /* fondo_rosa.jpeg */ = {isa = PBXFileReference; lastKnownFileType = image.jpeg; path = fondo_rosa.jpeg; sourceTree = "<group>"; };
		8870BB672BB4A0BB00CB1490 /* logosmartnest.jpeg */ = {isa = PBXFileReference; lastKnownFileType = image.jpeg; name = logosmartnest.jpeg; path = ../../../Downloads/logosmartnest.jpeg; sourceTree = "<group>"; };
		8870BB6A2BB4AB5C00CB1490 /* UserNotifications.framework */ = {isa = PBXFileReference; lastKnownFileType = wrapper.framework; name = UserNotifications.framework; path = System/Library/Frameworks/UserNotifications.framework; sourceTree = SDKROOT; };
		8870BB6C2BB4AB6500CB1490 /* EventKit.framework */ = {isa = PBXFileReference; lastKnownFileType = wrapper.framework; name = EventKit.framework; path = System/Library/Frameworks/EventKit.framework; sourceTree = SDKROOT; };
		8870BB6E2BB4AB7700CB1490 /* Contacts.framework */ = {isa = PBXFileReference; lastKnownFileType = wrapper.framework; name = Contacts.framework; path = System/Library/Frameworks/Contacts.framework; sourceTree = SDKROOT; };
		8870BB752BB4B32800CB1490 /* MenuViewController.swift */ = {isa = PBXFileReference; lastKnownFileType = sourcecode.swift; path = MenuViewController.swift; sourceTree = "<group>"; };
		8870BB772BB4B53D00CB1490 /* SplashViewController.swift */ = {isa = PBXFileReference; lastKnownFileType = sourcecode.swift; path = SplashViewController.swift; sourceTree = "<group>"; };
		8877E07E2BA4B6A100BEEF4A /* smartnest.png */ = {isa = PBXFileReference; lastKnownFileType = image.png; path = smartnest.png; sourceTree = "<group>"; };
		8881A1842BA33EF700B2F5AE /* Integradora_5A.app */ = {isa = PBXFileReference; explicitFileType = wrapper.application; includeInIndex = 0; path = Integradora_5A.app; sourceTree = BUILT_PRODUCTS_DIR; };
		8881A1872BA33EF700B2F5AE /* AppDelegate.swift */ = {isa = PBXFileReference; lastKnownFileType = sourcecode.swift; path = AppDelegate.swift; sourceTree = "<group>"; };
		8881A1892BA33EF700B2F5AE /* SceneDelegate.swift */ = {isa = PBXFileReference; lastKnownFileType = sourcecode.swift; path = SceneDelegate.swift; sourceTree = "<group>"; };
		8881A18B2BA33EF700B2F5AE /* ViewController.swift */ = {isa = PBXFileReference; lastKnownFileType = sourcecode.swift; path = ViewController.swift; sourceTree = "<group>"; };
		8881A18E2BA33EF700B2F5AE /* Base */ = {isa = PBXFileReference; lastKnownFileType = file.storyboard; name = Base; path = Base.lproj/Main.storyboard; sourceTree = "<group>"; };
		8881A1902BA33EF900B2F5AE /* Assets.xcassets */ = {isa = PBXFileReference; lastKnownFileType = folder.assetcatalog; path = Assets.xcassets; sourceTree = "<group>"; };
		8881A1932BA33EF900B2F5AE /* Base */ = {isa = PBXFileReference; lastKnownFileType = file.storyboard; name = Base; path = Base.lproj/LaunchScreen.storyboard; sourceTree = "<group>"; };
		8881A1952BA33EF900B2F5AE /* Info.plist */ = {isa = PBXFileReference; lastKnownFileType = text.plist.xml; path = Info.plist; sourceTree = "<group>"; };
		88905AC62BBC694B00E076F4 /* Usuario.swift */ = {isa = PBXFileReference; lastKnownFileType = sourcecode.swift; path = Usuario.swift; sourceTree = "<group>"; };
		88905AC82BBC851F00E076F4 /* agregar.png */ = {isa = PBXFileReference; lastKnownFileType = image.png; path = agregar.png; sourceTree = "<group>"; };
		88905ACA2BBC85C400E076F4 /* Ellipse 4.png */ = {isa = PBXFileReference; lastKnownFileType = image.png; path = "Ellipse 4.png"; sourceTree = "<group>"; };
		88905ACC2BBC871900E076F4 /* Ellipse 4 (1).png */ = {isa = PBXFileReference; lastKnownFileType = image.png; path = "Ellipse 4 (1).png"; sourceTree = "<group>"; };
		88B8A5C72BC7357100AD293F /* ActivarViewController.swift */ = {isa = PBXFileReference; lastKnownFileType = sourcecode.swift; path = ActivarViewController.swift; sourceTree = "<group>"; };
		88B8A5C92BC73EE700AD293F /* Incubadora.swift */ = {isa = PBXFileReference; lastKnownFileType = sourcecode.swift; path = Incubadora.swift; sourceTree = "<group>"; };
		88B8A5CD2BC74F2200AD293F /* BebesViewController.swift */ = {isa = PBXFileReference; lastKnownFileType = sourcecode.swift; path = BebesViewController.swift; sourceTree = "<group>"; };
		88B8A5CF2BC74F3900AD293F /* Bebe.swift */ = {isa = PBXFileReference; lastKnownFileType = sourcecode.swift; path = Bebe.swift; sourceTree = "<group>"; };
		88B8A5D12BC75BD900AD293F /* baby_icon.png */ = {isa = PBXFileReference; lastKnownFileType = image.png; path = baby_icon.png; sourceTree = "<group>"; };
		88E0F1972BD438340002686A /* BuzzerViewController.swift */ = {isa = PBXFileReference; lastKnownFileType = sourcecode.swift; path = BuzzerViewController.swift; sourceTree = "<group>"; };
		88E0F1992BD439E20002686A /* alarma.png */ = {isa = PBXFileReference; lastKnownFileType = image.png; path = alarma.png; sourceTree = "<group>"; };
		88E0F19B2BD443340002686A /* IncubadoraOcupada.swift */ = {isa = PBXFileReference; lastKnownFileType = sourcecode.swift; path = IncubadoraOcupada.swift; sourceTree = "<group>"; };
		88E0F19D2BD472250002686A /* Sensor.swift */ = {isa = PBXFileReference; lastKnownFileType = sourcecode.swift; path = Sensor.swift; sourceTree = "<group>"; };
		88E0F19F2BD472A50002686A /* SensoresViewController.swift */ = {isa = PBXFileReference; lastKnownFileType = sourcecode.swift; path = SensoresViewController.swift; sourceTree = "<group>"; };
		88E0F1AB2BD47F560002686A /* 3159161.png */ = {isa = PBXFileReference; lastKnownFileType = image.png; path = 3159161.png; sourceTree = "<group>"; };
		88E0F1AD2BD480E30002686A /* pu.png */ = {isa = PBXFileReference; lastKnownFileType = image.png; path = pu.png; sourceTree = "<group>"; };
		88E0F1AE2BD480E30002686A /* temperatura.png */ = {isa = PBXFileReference; lastKnownFileType = image.png; path = temperatura.png; sourceTree = "<group>"; };
		88E0F1AF2BD480E30002686A /* aire.png */ = {isa = PBXFileReference; lastKnownFileType = image.png; path = aire.png; sourceTree = "<group>"; };
		88E0F1B02BD480E30002686A /* buzz.png */ = {isa = PBXFileReference; lastKnownFileType = image.png; path = buzz.png; sourceTree = "<group>"; };
/* End PBXFileReference section */

/* Begin PBXFrameworksBuildPhase section */
		8881A1812BA33EF700B2F5AE /* Frameworks */ = {
			isa = PBXFrameworksBuildPhase;
			buildActionMask = 2147483647;
			files = (
				8870BB6D2BB4AB6500CB1490 /* EventKit.framework in Frameworks */,
				8870BB6B2BB4AB5C00CB1490 /* UserNotifications.framework in Frameworks */,
				8870BB6F2BB4AB7700CB1490 /* Contacts.framework in Frameworks */,
			);
			runOnlyForDeploymentPostprocessing = 0;
		};
/* End PBXFrameworksBuildPhase section */

/* Begin PBXGroup section */
		8870BB692BB4AB5C00CB1490 /* Frameworks */ = {
			isa = PBXGroup;
			children = (
				8870BB6E2BB4AB7700CB1490 /* Contacts.framework */,
				8870BB6C2BB4AB6500CB1490 /* EventKit.framework */,
				8870BB6A2BB4AB5C00CB1490 /* UserNotifications.framework */,
			);
			name = Frameworks;
			sourceTree = "<group>";
		};
		8877E07F2BA4B6A100BEEF4A /* integradora_img */ = {
			isa = PBXGroup;
			children = (
				88E0F1AF2BD480E30002686A /* aire.png */,
				88E0F1B02BD480E30002686A /* buzz.png */,
				88E0F1AD2BD480E30002686A /* pu.png */,
				88E0F1AE2BD480E30002686A /* temperatura.png */,
				88E0F1AB2BD47F560002686A /* 3159161.png */,
				88E0F1992BD439E20002686A /* alarma.png */,
				882FAFAB2BCDB9C900F588F5 /* historial.png */,
				882FAFA72BCDAC7600F588F5 /* contacte.png */,
				886B77922BC9BFC900870DCC /* fondo_rosa.jpeg */,
				886B77902BC9BFBF00870DCC /* fondo_azul.jpeg */,
				88B8A5D12BC75BD900AD293F /* baby_icon.png */,
				88905ACC2BBC871900E076F4 /* Ellipse 4 (1).png */,
				88905AC82BBC851F00E076F4 /* agregar.png */,
				88905ACA2BBC85C400E076F4 /* Ellipse 4.png */,
				8870BB672BB4A0BB00CB1490 /* logosmartnest.jpeg */,
				8877E07E2BA4B6A100BEEF4A /* smartnest.png */,
			);
			name = integradora_img;
			path = ../../integradora_img;
			sourceTree = "<group>";
		};
		8881A17B2BA33EF700B2F5AE = {
			isa = PBXGroup;
			children = (
				8881A1862BA33EF700B2F5AE /* Integradora_5A */,
				8881A1852BA33EF700B2F5AE /* Products */,
				8870BB692BB4AB5C00CB1490 /* Frameworks */,
			);
			sourceTree = "<group>";
		};
		8881A1852BA33EF700B2F5AE /* Products */ = {
			isa = PBXGroup;
			children = (
				8881A1842BA33EF700B2F5AE /* Integradora_5A.app */,
			);
			name = Products;
			sourceTree = "<group>";
		};
		8881A1862BA33EF700B2F5AE /* Integradora_5A */ = {
			isa = PBXGroup;
			children = (
				8881A1872BA33EF700B2F5AE /* AppDelegate.swift */,
				8881A1892BA33EF700B2F5AE /* SceneDelegate.swift */,
				8881A18B2BA33EF700B2F5AE /* ViewController.swift */,
				8881A18D2BA33EF700B2F5AE /* Main.storyboard */,
				88B8A5CD2BC74F2200AD293F /* BebesViewController.swift */,
				882FAFA12BCD9E5900F588F5 /* Contacto.swift */,
				88E0F19D2BD472250002686A /* Sensor.swift */,
				88E0F19B2BD443340002686A /* IncubadoraOcupada.swift */,
				882FAFA92BCDB3AC00F588F5 /* Historial.swift */,
				88E0F1972BD438340002686A /* BuzzerViewController.swift */,
				885B413A2BD3665D003B4910 /* Hospital.swift */,
				88E0F19F2BD472A50002686A /* SensoresViewController.swift */,
				882FAF9B2BCD7DB800F588F5 /* ContactosViewController.swift */,
				882FAF9D2BCD7F1800F588F5 /* HistorialViewController.swift */,
				882FAFAD2BCDE8EB00F588F5 /* RegistrarBebeViewController.swift */,
				885B41382BD34197003B4910 /* NuevoHistorialViewController.swift */,
				88B8A5CF2BC74F3900AD293F /* Bebe.swift */,
				8870BB752BB4B32800CB1490 /* MenuViewController.swift */,
				886004842BBC995200E4CB76 /* IncubadoraViewController.swift */,
				886B778E2BC9A34600870DCC /* DetallesBebeViewController.swift */,
				886B32432BBF341F00767E0A /* VerificarViewController.swift */,
				88905AC62BBC694B00E076F4 /* Usuario.swift */,
				886004802BBC981900E4CB76 /* AdminUserViewController.swift */,
				886004822BBC98C400E4CB76 /* PerfilViewController.swift */,
				88006ADD2BD2BD8A0011FC2A /* URLManager.swift */,
				886462F52BB1F9EE004396A0 /* LogInViewController.swift */,
				886462F72BB1FA09004396A0 /* RegistroViewController.swift */,
				8870BB772BB4B53D00CB1490 /* SplashViewController.swift */,
				88B8A5C72BC7357100AD293F /* ActivarViewController.swift */,
				88B8A5C92BC73EE700AD293F /* Incubadora.swift */,
				885B41362BD32A0E003B4910 /* NuevoContactoViewController.swift */,
				8877E07F2BA4B6A100BEEF4A /* integradora_img */,
				8881A1902BA33EF900B2F5AE /* Assets.xcassets */,
				8881A1922BA33EF900B2F5AE /* LaunchScreen.storyboard */,
				8881A1952BA33EF900B2F5AE /* Info.plist */,
			);
			path = Integradora_5A;
			sourceTree = "<group>";
		};
/* End PBXGroup section */

/* Begin PBXNativeTarget section */
		8881A1832BA33EF700B2F5AE /* Integradora_5A */ = {
			isa = PBXNativeTarget;
			buildConfigurationList = 8881A1982BA33EF900B2F5AE /* Build configuration list for PBXNativeTarget "Integradora_5A" */;
			buildPhases = (
				8881A1802BA33EF700B2F5AE /* Sources */,
				8881A1812BA33EF700B2F5AE /* Frameworks */,
				8881A1822BA33EF700B2F5AE /* Resources */,
			);
			buildRules = (
			);
			dependencies = (
			);
			name = Integradora_5A;
			productName = Integradora_5A;
			productReference = 8881A1842BA33EF700B2F5AE /* Integradora_5A.app */;
			productType = "com.apple.product-type.application";
		};
/* End PBXNativeTarget section */

/* Begin PBXProject section */
		8881A17C2BA33EF700B2F5AE /* Project object */ = {
			isa = PBXProject;
			attributes = {
				BuildIndependentTargetsInParallel = 1;
				LastSwiftUpdateCheck = 1530;
				LastUpgradeCheck = 1530;
				TargetAttributes = {
					8881A1832BA33EF700B2F5AE = {
						CreatedOnToolsVersion = 15.3;
					};
				};
			};
			buildConfigurationList = 8881A17F2BA33EF700B2F5AE /* Build configuration list for PBXProject "Integradora_5A" */;
			compatibilityVersion = "Xcode 14.0";
			developmentRegion = en;
			hasScannedForEncodings = 0;
			knownRegions = (
				en,
				Base,
			);
			mainGroup = 8881A17B2BA33EF700B2F5AE;
			productRefGroup = 8881A1852BA33EF700B2F5AE /* Products */;
			projectDirPath = "";
			projectRoot = "";
			targets = (
				8881A1832BA33EF700B2F5AE /* Integradora_5A */,
			);
		};
/* End PBXProject section */

/* Begin PBXResourcesBuildPhase section */
		8881A1822BA33EF700B2F5AE /* Resources */ = {
			isa = PBXResourcesBuildPhase;
			buildActionMask = 2147483647;
			files = (
				882FAFA82BCDAC7600F588F5 /* contacte.png in Resources */,
				886B77932BC9BFC900870DCC /* fondo_rosa.jpeg in Resources */,
				88E0F1B32BD480E30002686A /* aire.png in Resources */,
				88905ACD2BBC871900E076F4 /* Ellipse 4 (1).png in Resources */,
				88B8A5D22BC75BD900AD293F /* baby_icon.png in Resources */,
				886B77912BC9BFBF00870DCC /* fondo_azul.jpeg in Resources */,
				88905ACB2BBC85C400E076F4 /* Ellipse 4.png in Resources */,
				88E0F1AC2BD47F560002686A /* 3159161.png in Resources */,
				882FAFAC2BCDB9C900F588F5 /* historial.png in Resources */,
				8870BB682BB4A0BB00CB1490 /* logosmartnest.jpeg in Resources */,
				8877E0802BA4B6A100BEEF4A /* smartnest.png in Resources */,
				88905AC92BBC852000E076F4 /* agregar.png in Resources */,
				88E0F1B42BD480E30002686A /* buzz.png in Resources */,
				8881A1942BA33EF900B2F5AE /* Base in Resources */,
				88E0F1B22BD480E30002686A /* temperatura.png in Resources */,
				886004862BBCA12D00E4CB76 /* Assets.xcassets in Resources */,
				8881A18F2BA33EF700B2F5AE /* Base in Resources */,
				88E0F1B12BD480E30002686A /* pu.png in Resources */,
				88E0F19A2BD439E20002686A /* alarma.png in Resources */,
			);
			runOnlyForDeploymentPostprocessing = 0;
		};
/* End PBXResourcesBuildPhase section */

/* Begin PBXSourcesBuildPhase section */
		8881A1802BA33EF700B2F5AE /* Sources */ = {
			isa = PBXSourcesBuildPhase;
			buildActionMask = 2147483647;
			files = (
				88E0F19E2BD472250002686A /* Sensor.swift in Sources */,
				886462F62BB1F9EE004396A0 /* LogInViewController.swift in Sources */,
				88B8A5D02BC74F3900AD293F /* Bebe.swift in Sources */,
				8881A18C2BA33EF700B2F5AE /* ViewController.swift in Sources */,
				886B32442BBF341F00767E0A /* VerificarViewController.swift in Sources */,
				88E0F1982BD438340002686A /* BuzzerViewController.swift in Sources */,
				88B8A5CA2BC73EE700AD293F /* Incubadora.swift in Sources */,
				882FAFA22BCD9E5900F588F5 /* Contacto.swift in Sources */,
				882FAFAE2BCDE8EB00F588F5 /* RegistrarBebeViewController.swift in Sources */,
				882FAF9E2BCD7F1800F588F5 /* HistorialViewController.swift in Sources */,
				88B8A5CE2BC74F2200AD293F /* BebesViewController.swift in Sources */,
				886004812BBC981900E4CB76 /* AdminUserViewController.swift in Sources */,
				88E0F19C2BD443340002686A /* IncubadoraOcupada.swift in Sources */,
				885B41372BD32A0E003B4910 /* NuevoContactoViewController.swift in Sources */,
				8870BB762BB4B32800CB1490 /* MenuViewController.swift in Sources */,
				886004852BBC995200E4CB76 /* IncubadoraViewController.swift in Sources */,
				886004832BBC98C400E4CB76 /* PerfilViewController.swift in Sources */,
				8881A1882BA33EF700B2F5AE /* AppDelegate.swift in Sources */,
				88B8A5C82BC7357100AD293F /* ActivarViewController.swift in Sources */,
				886462F82BB1FA09004396A0 /* RegistroViewController.swift in Sources */,
				88006ADE2BD2BD8A0011FC2A /* URLManager.swift in Sources */,
				882FAF9C2BCD7DB800F588F5 /* ContactosViewController.swift in Sources */,
				88E0F1A02BD472A50002686A /* SensoresViewController.swift in Sources */,
				8881A18A2BA33EF700B2F5AE /* SceneDelegate.swift in Sources */,
				88905AC72BBC694B00E076F4 /* Usuario.swift in Sources */,
				885B41392BD34197003B4910 /* NuevoHistorialViewController.swift in Sources */,
				885B413B2BD3665D003B4910 /* Hospital.swift in Sources */,
				882FAFAA2BCDB3AC00F588F5 /* Historial.swift in Sources */,
				8870BB782BB4B53D00CB1490 /* SplashViewController.swift in Sources */,
				886B778F2BC9A34600870DCC /* DetallesBebeViewController.swift in Sources */,
			);
			runOnlyForDeploymentPostprocessing = 0;
		};
/* End PBXSourcesBuildPhase section */

/* Begin PBXVariantGroup section */
		8881A18D2BA33EF700B2F5AE /* Main.storyboard */ = {
			isa = PBXVariantGroup;
			children = (
				8881A18E2BA33EF700B2F5AE /* Base */,
			);
			name = Main.storyboard;
			sourceTree = "<group>";
		};
		8881A1922BA33EF900B2F5AE /* LaunchScreen.storyboard */ = {
			isa = PBXVariantGroup;
			children = (
				8881A1932BA33EF900B2F5AE /* Base */,
			);
			name = LaunchScreen.storyboard;
			sourceTree = "<group>";
		};
/* End PBXVariantGroup section */

/* Begin XCBuildConfiguration section */
		8881A1962BA33EF900B2F5AE /* Debug */ = {
			isa = XCBuildConfiguration;
			buildSettings = {
				ALWAYS_SEARCH_USER_PATHS = NO;
				ASSETCATALOG_COMPILER_GENERATE_SWIFT_ASSET_SYMBOL_EXTENSIONS = YES;
				CLANG_ANALYZER_NONNULL = YES;
				CLANG_ANALYZER_NUMBER_OBJECT_CONVERSION = YES_AGGRESSIVE;
				CLANG_CXX_LANGUAGE_STANDARD = "gnu++20";
				CLANG_ENABLE_MODULES = YES;
				CLANG_ENABLE_OBJC_ARC = YES;
				CLANG_ENABLE_OBJC_WEAK = YES;
				CLANG_WARN_BLOCK_CAPTURE_AUTORELEASING = YES;
				CLANG_WARN_BOOL_CONVERSION = YES;
				CLANG_WARN_COMMA = YES;
				CLANG_WARN_CONSTANT_CONVERSION = YES;
				CLANG_WARN_DEPRECATED_OBJC_IMPLEMENTATIONS = YES;
				CLANG_WARN_DIRECT_OBJC_ISA_USAGE = YES_ERROR;
				CLANG_WARN_DOCUMENTATION_COMMENTS = YES;
				CLANG_WARN_EMPTY_BODY = YES;
				CLANG_WARN_ENUM_CONVERSION = YES;
				CLANG_WARN_INFINITE_RECURSION = YES;
				CLANG_WARN_INT_CONVERSION = YES;
				CLANG_WARN_NON_LITERAL_NULL_CONVERSION = YES;
				CLANG_WARN_OBJC_IMPLICIT_RETAIN_SELF = YES;
				CLANG_WARN_OBJC_LITERAL_CONVERSION = YES;
				CLANG_WARN_OBJC_ROOT_CLASS = YES_ERROR;
				CLANG_WARN_QUOTED_INCLUDE_IN_FRAMEWORK_HEADER = YES;
				CLANG_WARN_RANGE_LOOP_ANALYSIS = YES;
				CLANG_WARN_STRICT_PROTOTYPES = YES;
				CLANG_WARN_SUSPICIOUS_MOVE = YES;
				CLANG_WARN_UNGUARDED_AVAILABILITY = YES_AGGRESSIVE;
				CLANG_WARN_UNREACHABLE_CODE = YES;
				CLANG_WARN__DUPLICATE_METHOD_MATCH = YES;
				COPY_PHASE_STRIP = NO;
				DEBUG_INFORMATION_FORMAT = dwarf;
				ENABLE_STRICT_OBJC_MSGSEND = YES;
				ENABLE_TESTABILITY = YES;
				ENABLE_USER_SCRIPT_SANDBOXING = YES;
				GCC_C_LANGUAGE_STANDARD = gnu17;
				GCC_DYNAMIC_NO_PIC = NO;
				GCC_NO_COMMON_BLOCKS = YES;
				GCC_OPTIMIZATION_LEVEL = 0;
				GCC_PREPROCESSOR_DEFINITIONS = (
					"DEBUG=1",
					"$(inherited)",
				);
				GCC_WARN_64_TO_32_BIT_CONVERSION = YES;
				GCC_WARN_ABOUT_RETURN_TYPE = YES_ERROR;
				GCC_WARN_UNDECLARED_SELECTOR = YES;
				GCC_WARN_UNINITIALIZED_AUTOS = YES_AGGRESSIVE;
				GCC_WARN_UNUSED_FUNCTION = YES;
				GCC_WARN_UNUSED_VARIABLE = YES;
				IPHONEOS_DEPLOYMENT_TARGET = 17.4;
				LOCALIZATION_PREFERS_STRING_CATALOGS = YES;
				MTL_ENABLE_DEBUG_INFO = INCLUDE_SOURCE;
				MTL_FAST_MATH = YES;
				ONLY_ACTIVE_ARCH = YES;
				SDKROOT = iphoneos;
				SWIFT_ACTIVE_COMPILATION_CONDITIONS = "DEBUG $(inherited)";
				SWIFT_OPTIMIZATION_LEVEL = "-Onone";
			};
			name = Debug;
		};
		8881A1972BA33EF900B2F5AE /* Release */ = {
			isa = XCBuildConfiguration;
			buildSettings = {
				ALWAYS_SEARCH_USER_PATHS = NO;
				ASSETCATALOG_COMPILER_GENERATE_SWIFT_ASSET_SYMBOL_EXTENSIONS = YES;
				CLANG_ANALYZER_NONNULL = YES;
				CLANG_ANALYZER_NUMBER_OBJECT_CONVERSION = YES_AGGRESSIVE;
				CLANG_CXX_LANGUAGE_STANDARD = "gnu++20";
				CLANG_ENABLE_MODULES = YES;
				CLANG_ENABLE_OBJC_ARC = YES;
				CLANG_ENABLE_OBJC_WEAK = YES;
				CLANG_WARN_BLOCK_CAPTURE_AUTORELEASING = YES;
				CLANG_WARN_BOOL_CONVERSION = YES;
				CLANG_WARN_COMMA = YES;
				CLANG_WARN_CONSTANT_CONVERSION = YES;
				CLANG_WARN_DEPRECATED_OBJC_IMPLEMENTATIONS = YES;
				CLANG_WARN_DIRECT_OBJC_ISA_USAGE = YES_ERROR;
				CLANG_WARN_DOCUMENTATION_COMMENTS = YES;
				CLANG_WARN_EMPTY_BODY = YES;
				CLANG_WARN_ENUM_CONVERSION = YES;
				CLANG_WARN_INFINITE_RECURSION = YES;
				CLANG_WARN_INT_CONVERSION = YES;
				CLANG_WARN_NON_LITERAL_NULL_CONVERSION = YES;
				CLANG_WARN_OBJC_IMPLICIT_RETAIN_SELF = YES;
				CLANG_WARN_OBJC_LITERAL_CONVERSION = YES;
				CLANG_WARN_OBJC_ROOT_CLASS = YES_ERROR;
				CLANG_WARN_QUOTED_INCLUDE_IN_FRAMEWORK_HEADER = YES;
				CLANG_WARN_RANGE_LOOP_ANALYSIS = YES;
				CLANG_WARN_STRICT_PROTOTYPES = YES;
				CLANG_WARN_SUSPICIOUS_MOVE = YES;
				CLANG_WARN_UNGUARDED_AVAILABILITY = YES_AGGRESSIVE;
				CLANG_WARN_UNREACHABLE_CODE = YES;
				CLANG_WARN__DUPLICATE_METHOD_MATCH = YES;
				COPY_PHASE_STRIP = NO;
				DEBUG_INFORMATION_FORMAT = "dwarf-with-dsym";
				ENABLE_NS_ASSERTIONS = NO;
				ENABLE_STRICT_OBJC_MSGSEND = YES;
				ENABLE_USER_SCRIPT_SANDBOXING = YES;
				GCC_C_LANGUAGE_STANDARD = gnu17;
				GCC_NO_COMMON_BLOCKS = YES;
				GCC_WARN_64_TO_32_BIT_CONVERSION = YES;
				GCC_WARN_ABOUT_RETURN_TYPE = YES_ERROR;
				GCC_WARN_UNDECLARED_SELECTOR = YES;
				GCC_WARN_UNINITIALIZED_AUTOS = YES_AGGRESSIVE;
				GCC_WARN_UNUSED_FUNCTION = YES;
				GCC_WARN_UNUSED_VARIABLE = YES;
				IPHONEOS_DEPLOYMENT_TARGET = 17.4;
				LOCALIZATION_PREFERS_STRING_CATALOGS = YES;
				MTL_ENABLE_DEBUG_INFO = NO;
				MTL_FAST_MATH = YES;
				SDKROOT = iphoneos;
				SWIFT_COMPILATION_MODE = wholemodule;
				VALIDATE_PRODUCT = YES;
			};
			name = Release;
		};
		8881A1992BA33EF900B2F5AE /* Debug */ = {
			isa = XCBuildConfiguration;
			buildSettings = {
				ASSETCATALOG_COMPILER_APPICON_NAME = AppIcon;
				ASSETCATALOG_COMPILER_GLOBAL_ACCENT_COLOR_NAME = AccentColor;
				CODE_SIGN_STYLE = Automatic;
				CURRENT_PROJECT_VERSION = 1;
				DEVELOPMENT_TEAM = BK72F2PMQG;
				GENERATE_INFOPLIST_FILE = YES;
				INFOPLIST_FILE = Integradora_5A/Info.plist;
				INFOPLIST_KEY_CFBundleDisplayName = SmartNest;
				INFOPLIST_KEY_UIApplicationSupportsIndirectInputEvents = YES;
				INFOPLIST_KEY_UILaunchStoryboardName = LaunchScreen;
				INFOPLIST_KEY_UIMainStoryboardFile = Main;
				INFOPLIST_KEY_UISupportedInterfaceOrientations = UIInterfaceOrientationPortrait;
				INFOPLIST_KEY_UISupportedInterfaceOrientations_iPad = "UIInterfaceOrientationLandscapeLeft UIInterfaceOrientationLandscapeRight UIInterfaceOrientationPortrait UIInterfaceOrientationPortraitUpsideDown";
				IPHONEOS_DEPLOYMENT_TARGET = 16.1;
				LD_RUNPATH_SEARCH_PATHS = (
					"$(inherited)",
					"@executable_path/Frameworks",
				);
				MARKETING_VERSION = 1.0;
				PRODUCT_BUNDLE_IDENTIFIER = "UTT.Integradora-5A";
				PRODUCT_NAME = "$(TARGET_NAME)";
				SWIFT_EMIT_LOC_STRINGS = YES;
				SWIFT_VERSION = 5.0;
				TARGETED_DEVICE_FAMILY = "1,2";
			};
			name = Debug;
		};
		8881A19A2BA33EF900B2F5AE /* Release */ = {
			isa = XCBuildConfiguration;
			buildSettings = {
				ASSETCATALOG_COMPILER_APPICON_NAME = AppIcon;
				ASSETCATALOG_COMPILER_GLOBAL_ACCENT_COLOR_NAME = AccentColor;
				CODE_SIGN_STYLE = Automatic;
				CURRENT_PROJECT_VERSION = 1;
				DEVELOPMENT_TEAM = BK72F2PMQG;
				GENERATE_INFOPLIST_FILE = YES;
				INFOPLIST_FILE = Integradora_5A/Info.plist;
				INFOPLIST_KEY_CFBundleDisplayName = SmartNest;
				INFOPLIST_KEY_UIApplicationSupportsIndirectInputEvents = YES;
				INFOPLIST_KEY_UILaunchStoryboardName = LaunchScreen;
				INFOPLIST_KEY_UIMainStoryboardFile = Main;
				INFOPLIST_KEY_UISupportedInterfaceOrientations = UIInterfaceOrientationPortrait;
				INFOPLIST_KEY_UISupportedInterfaceOrientations_iPad = "UIInterfaceOrientationLandscapeLeft UIInterfaceOrientationLandscapeRight UIInterfaceOrientationPortrait UIInterfaceOrientationPortraitUpsideDown";
				IPHONEOS_DEPLOYMENT_TARGET = 16.1;
				LD_RUNPATH_SEARCH_PATHS = (
					"$(inherited)",
					"@executable_path/Frameworks",
				);
				MARKETING_VERSION = 1.0;
				PRODUCT_BUNDLE_IDENTIFIER = "UTT.Integradora-5A";
				PRODUCT_NAME = "$(TARGET_NAME)";
				SWIFT_EMIT_LOC_STRINGS = YES;
				SWIFT_VERSION = 5.0;
				TARGETED_DEVICE_FAMILY = "1,2";
			};
			name = Release;
		};
/* End XCBuildConfiguration section */

/* Begin XCConfigurationList section */
		8881A17F2BA33EF700B2F5AE /* Build configuration list for PBXProject "Integradora_5A" */ = {
			isa = XCConfigurationList;
			buildConfigurations = (
				8881A1962BA33EF900B2F5AE /* Debug */,
				8881A1972BA33EF900B2F5AE /* Release */,
			);
			defaultConfigurationIsVisible = 0;
			defaultConfigurationName = Release;
		};
		8881A1982BA33EF900B2F5AE /* Build configuration list for PBXNativeTarget "Integradora_5A" */ = {
			isa = XCConfigurationList;
			buildConfigurations = (
				8881A1992BA33EF900B2F5AE /* Debug */,
				8881A19A2BA33EF900B2F5AE /* Release */,
			);
			defaultConfigurationIsVisible = 0;
			defaultConfigurationName = Release;
		};
/* End XCConfigurationList section */
	};
	rootObject = 8881A17C2BA33EF700B2F5AE /* Project object */;
}
